// !$*UTF8*$!
{
	archiveVersion = 1;
	classes = {
	};
	objectVersion = 50;
	objects = {

/* Begin PBXBuildFile section */
		9B9C0B8F23CE641700C85BB3 /* AppDelegate.swift in Sources */ = {isa = PBXBuildFile; fileRef = 9B9C0B8E23CE641700C85BB3 /* AppDelegate.swift */; };
		9B9C0B9123CE641700C85BB3 /* SceneDelegate.swift in Sources */ = {isa = PBXBuildFile; fileRef = 9B9C0B9023CE641700C85BB3 /* SceneDelegate.swift */; };
		9B9C0B9323CE641700C85BB3 /* ViewController.swift in Sources */ = {isa = PBXBuildFile; fileRef = 9B9C0B9223CE641700C85BB3 /* ViewController.swift */; };
		9B9C0B9623CE641700C85BB3 /* Main.storyboard in Resources */ = {isa = PBXBuildFile; fileRef = 9B9C0B9423CE641700C85BB3 /* Main.storyboard */; };
		9B9C0B9823CE641A00C85BB3 /* Assets.xcassets in Resources */ = {isa = PBXBuildFile; fileRef = 9B9C0B9723CE641A00C85BB3 /* Assets.xcassets */; };
		9B9C0B9B23CE641A00C85BB3 /* LaunchScreen.storyboard in Resources */ = {isa = PBXBuildFile; fileRef = 9B9C0B9923CE641A00C85BB3 /* LaunchScreen.storyboard */; };
		9B9C0BA623CE641B00C85BB3 /* Find_My_WayTests.swift in Sources */ = {isa = PBXBuildFile; fileRef = 9B9C0BA523CE641B00C85BB3 /* Find_My_WayTests.swift */; };
		9B9C0BB123CE641B00C85BB3 /* Find_My_WayUITests.swift in Sources */ = {isa = PBXBuildFile; fileRef = 9B9C0BB023CE641B00C85BB3 /* Find_My_WayUITests.swift */; };
		9B9C0BBF23CE682600C85BB3 /* locationButton@3x.png in Resources */ = {isa = PBXBuildFile; fileRef = 9B9C0BBE23CE682600C85BB3 /* locationButton@3x.png */; };
		9B9C0BC123CE805900C85BB3 /* Places.swift in Sources */ = {isa = PBXBuildFile; fileRef = 9B9C0BC023CE805900C85BB3 /* Places.swift */; };
/* End PBXBuildFile section */

/* Begin PBXContainerItemProxy section */
		9B9C0BA223CE641B00C85BB3 /* PBXContainerItemProxy */ = {
			isa = PBXContainerItemProxy;
			containerPortal = 9B9C0B8323CE641700C85BB3 /* Project object */;
			proxyType = 1;
			remoteGlobalIDString = 9B9C0B8A23CE641700C85BB3;
			remoteInfo = "Find My Way";
		};
		9B9C0BAD23CE641B00C85BB3 /* PBXContainerItemProxy */ = {
			isa = PBXContainerItemProxy;
			containerPortal = 9B9C0B8323CE641700C85BB3 /* Project object */;
			proxyType = 1;
			remoteGlobalIDString = 9B9C0B8A23CE641700C85BB3;
			remoteInfo = "Find My Way";
		};
/* End PBXContainerItemProxy section */

/* Begin PBXFileReference section */
		9B9C0B8B23CE641700C85BB3 /* Find My Way.app */ = {isa = PBXFileReference; explicitFileType = wrapper.application; includeInIndex = 0; path = "Find My Way.app"; sourceTree = BUILT_PRODUCTS_DIR; };
		9B9C0B8E23CE641700C85BB3 /* AppDelegate.swift */ = {isa = PBXFileReference; lastKnownFileType = sourcecode.swift; path = AppDelegate.swift; sourceTree = "<group>"; };
		9B9C0B9023CE641700C85BB3 /* SceneDelegate.swift */ = {isa = PBXFileReference; lastKnownFileType = sourcecode.swift; path = SceneDelegate.swift; sourceTree = "<group>"; };
		9B9C0B9223CE641700C85BB3 /* ViewController.swift */ = {isa = PBXFileReference; lastKnownFileType = sourcecode.swift; path = ViewController.swift; sourceTree = "<group>"; };
		9B9C0B9523CE641700C85BB3 /* Base */ = {isa = PBXFileReference; lastKnownFileType = file.storyboard; name = Base; path = Base.lproj/Main.storyboard; sourceTree = "<group>"; };
		9B9C0B9723CE641A00C85BB3 /* Assets.xcassets */ = {isa = PBXFileReference; lastKnownFileType = folder.assetcatalog; path = Assets.xcassets; sourceTree = "<group>"; };
		9B9C0B9A23CE641A00C85BB3 /* Base */ = {isa = PBXFileReference; lastKnownFileType = file.storyboard; name = Base; path = Base.lproj/LaunchScreen.storyboard; sourceTree = "<group>"; };
		9B9C0B9C23CE641A00C85BB3 /* Info.plist */ = {isa = PBXFileReference; lastKnownFileType = text.plist.xml; path = Info.plist; sourceTree = "<group>"; };
		9B9C0BA123CE641B00C85BB3 /* Find My WayTests.xctest */ = {isa = PBXFileReference; explicitFileType = wrapper.cfbundle; includeInIndex = 0; path = "Find My WayTests.xctest"; sourceTree = BUILT_PRODUCTS_DIR; };
		9B9C0BA523CE641B00C85BB3 /* Find_My_WayTests.swift */ = {isa = PBXFileReference; lastKnownFileType = sourcecode.swift; path = Find_My_WayTests.swift; sourceTree = "<group>"; };
		9B9C0BA723CE641B00C85BB3 /* Info.plist */ = {isa = PBXFileReference; lastKnownFileType = text.plist.xml; path = Info.plist; sourceTree = "<group>"; };
		9B9C0BAC23CE641B00C85BB3 /* Find My WayUITests.xctest */ = {isa = PBXFileReference; explicitFileType = wrapper.cfbundle; includeInIndex = 0; path = "Find My WayUITests.xctest"; sourceTree = BUILT_PRODUCTS_DIR; };
		9B9C0BB023CE641B00C85BB3 /* Find_My_WayUITests.swift */ = {isa = PBXFileReference; lastKnownFileType = sourcecode.swift; path = Find_My_WayUITests.swift; sourceTree = "<group>"; };
		9B9C0BB223CE641B00C85BB3 /* Info.plist */ = {isa = PBXFileReference; lastKnownFileType = text.plist.xml; path = Info.plist; sourceTree = "<group>"; };
		9B9C0BBE23CE682600C85BB3 /* locationButton@3x.png */ = {isa = PBXFileReference; lastKnownFileType = image.png; path = "locationButton@3x.png"; sourceTree = "<group>"; };
		9B9C0BC023CE805900C85BB3 /* Places.swift */ = {isa = PBXFileReference; lastKnownFileType = sourcecode.swift; path = Places.swift; sourceTree = "<group>"; };
/* End PBXFileReference section */

/* Begin PBXFrameworksBuildPhase section */
		9B9C0B8823CE641700C85BB3 /* Frameworks */ = {
			isa = PBXFrameworksBuildPhase;
			buildActionMask = 2147483647;
			files = (
			);
			runOnlyForDeploymentPostprocessing = 0;
		};
		9B9C0B9E23CE641B00C85BB3 /* Frameworks */ = {
			isa = PBXFrameworksBuildPhase;
			buildActionMask = 2147483647;
			files = (
			);
			runOnlyForDeploymentPostprocessing = 0;
		};
		9B9C0BA923CE641B00C85BB3 /* Frameworks */ = {
			isa = PBXFrameworksBuildPhase;
			buildActionMask = 2147483647;
			files = (
			);
			runOnlyForDeploymentPostprocessing = 0;
		};
/* End PBXFrameworksBuildPhase section */

/* Begin PBXGroup section */
		9B9C0B8223CE641700C85BB3 = {
			isa = PBXGroup;
			children = (
				9B9C0B8D23CE641700C85BB3 /* Find My Way */,
				9B9C0BA423CE641B00C85BB3 /* Find My WayTests */,
				9B9C0BAF23CE641B00C85BB3 /* Find My WayUITests */,
				9B9C0B8C23CE641700C85BB3 /* Products */,
			);
			sourceTree = "<group>";
		};
		9B9C0B8C23CE641700C85BB3 /* Products */ = {
			isa = PBXGroup;
			children = (
				9B9C0B8B23CE641700C85BB3 /* Find My Way.app */,
				9B9C0BA123CE641B00C85BB3 /* Find My WayTests.xctest */,
				9B9C0BAC23CE641B00C85BB3 /* Find My WayUITests.xctest */,
			);
			name = Products;
			sourceTree = "<group>";
		};
		9B9C0B8D23CE641700C85BB3 /* Find My Way */ = {
			isa = PBXGroup;
			children = (
				9B9C0BBE23CE682600C85BB3 /* locationButton@3x.png */,
				9B9C0B8E23CE641700C85BB3 /* AppDelegate.swift */,
				9B9C0B9023CE641700C85BB3 /* SceneDelegate.swift */,
				9B9C0B9223CE641700C85BB3 /* ViewController.swift */,
				9B9C0B9423CE641700C85BB3 /* Main.storyboard */,
				9B9C0B9723CE641A00C85BB3 /* Assets.xcassets */,
				9B9C0B9923CE641A00C85BB3 /* LaunchScreen.storyboard */,
				9B9C0B9C23CE641A00C85BB3 /* Info.plist */,
				9B9C0BC023CE805900C85BB3 /* Places.swift */,
			);
			path = "Find My Way";
			sourceTree = "<group>";
		};
		9B9C0BA423CE641B00C85BB3 /* Find My WayTests */ = {
			isa = PBXGroup;
			children = (
				9B9C0BA523CE641B00C85BB3 /* Find_My_WayTests.swift */,
				9B9C0BA723CE641B00C85BB3 /* Info.plist */,
			);
			path = "Find My WayTests";
			sourceTree = "<group>";
		};
		9B9C0BAF23CE641B00C85BB3 /* Find My WayUITests */ = {
			isa = PBXGroup;
			children = (
				9B9C0BB023CE641B00C85BB3 /* Find_My_WayUITests.swift */,
				9B9C0BB223CE641B00C85BB3 /* Info.plist */,
			);
			path = "Find My WayUITests";
			sourceTree = "<group>";
		};
/* End PBXGroup section */

/* Begin PBXNativeTarget section */
		9B9C0B8A23CE641700C85BB3 /* Find My Way */ = {
			isa = PBXNativeTarget;
			buildConfigurationList = 9B9C0BB523CE641B00C85BB3 /* Build configuration list for PBXNativeTarget "Find My Way" */;
			buildPhases = (
				9B9C0B8723CE641700C85BB3 /* Sources */,
				9B9C0B8823CE641700C85BB3 /* Frameworks */,
				9B9C0B8923CE641700C85BB3 /* Resources */,
			);
			buildRules = (
			);
			dependencies = (
			);
			name = "Find My Way";
			productName = "Find My Way";
			productReference = 9B9C0B8B23CE641700C85BB3 /* Find My Way.app */;
			productType = "com.apple.product-type.application";
		};
		9B9C0BA023CE641B00C85BB3 /* Find My WayTests */ = {
			isa = PBXNativeTarget;
			buildConfigurationList = 9B9C0BB823CE641B00C85BB3 /* Build configuration list for PBXNativeTarget "Find My WayTests" */;
			buildPhases = (
				9B9C0B9D23CE641B00C85BB3 /* Sources */,
				9B9C0B9E23CE641B00C85BB3 /* Frameworks */,
				9B9C0B9F23CE641B00C85BB3 /* Resources */,
			);
			buildRules = (
			);
			dependencies = (
				9B9C0BA323CE641B00C85BB3 /* PBXTargetDependency */,
			);
			name = "Find My WayTests";
			productName = "Find My WayTests";
			productReference = 9B9C0BA123CE641B00C85BB3 /* Find My WayTests.xctest */;
			productType = "com.apple.product-type.bundle.unit-test";
		};
		9B9C0BAB23CE641B00C85BB3 /* Find My WayUITests */ = {
			isa = PBXNativeTarget;
			buildConfigurationList = 9B9C0BBB23CE641B00C85BB3 /* Build configuration list for PBXNativeTarget "Find My WayUITests" */;
			buildPhases = (
				9B9C0BA823CE641B00C85BB3 /* Sources */,
				9B9C0BA923CE641B00C85BB3 /* Frameworks */,
				9B9C0BAA23CE641B00C85BB3 /* Resources */,
			);
			buildRules = (
			);
			dependencies = (
				9B9C0BAE23CE641B00C85BB3 /* PBXTargetDependency */,
			);
			name = "Find My WayUITests";
			productName = "Find My WayUITests";
			productReference = 9B9C0BAC23CE641B00C85BB3 /* Find My WayUITests.xctest */;
			productType = "com.apple.product-type.bundle.ui-testing";
		};
/* End PBXNativeTarget section */

/* Begin PBXProject section */
		9B9C0B8323CE641700C85BB3 /* Project object */ = {
			isa = PBXProject;
			attributes = {
				LastSwiftUpdateCheck = 1130;
				LastUpgradeCheck = 1130;
				ORGANIZATIONNAME = MacStudent;
				TargetAttributes = {
					9B9C0B8A23CE641700C85BB3 = {
						CreatedOnToolsVersion = 11.3;
					};
					9B9C0BA023CE641B00C85BB3 = {
						CreatedOnToolsVersion = 11.3;
						TestTargetID = 9B9C0B8A23CE641700C85BB3;
					};
					9B9C0BAB23CE641B00C85BB3 = {
						CreatedOnToolsVersion = 11.3;
						TestTargetID = 9B9C0B8A23CE641700C85BB3;
					};
				};
			};
			buildConfigurationList = 9B9C0B8623CE641700C85BB3 /* Build configuration list for PBXProject "Find My Way" */;
			compatibilityVersion = "Xcode 9.3";
			developmentRegion = en;
			hasScannedForEncodings = 0;
			knownRegions = (
				en,
				Base,
			);
			mainGroup = 9B9C0B8223CE641700C85BB3;
			productRefGroup = 9B9C0B8C23CE641700C85BB3 /* Products */;
			projectDirPath = "";
			projectRoot = "";
			targets = (
				9B9C0B8A23CE641700C85BB3 /* Find My Way */,
				9B9C0BA023CE641B00C85BB3 /* Find My WayTests */,
				9B9C0BAB23CE641B00C85BB3 /* Find My WayUITests */,
			);
		};
/* End PBXProject section */

/* Begin PBXResourcesBuildPhase section */
		9B9C0B8923CE641700C85BB3 /* Resources */ = {
			isa = PBXResourcesBuildPhase;
			buildActionMask = 2147483647;
			files = (
				9B9C0BBF23CE682600C85BB3 /* locationButton@3x.png in Resources */,
				9B9C0B9B23CE641A00C85BB3 /* LaunchScreen.storyboard in Resources */,
				9B9C0B9823CE641A00C85BB3 /* Assets.xcassets in Resources */,
				9B9C0B9623CE641700C85BB3 /* Main.storyboard in Resources */,
			);
			runOnlyForDeploymentPostprocessing = 0;
		};
		9B9C0B9F23CE641B00C85BB3 /* Resources */ = {
			isa = PBXResourcesBuildPhase;
			buildActionMask = 2147483647;
			files = (
			);
			runOnlyForDeploymentPostprocessing = 0;
		};
		9B9C0BAA23CE641B00C85BB3 /* Resources */ = {
			isa = PBXResourcesBuildPhase;
			buildActionMask = 2147483647;
			files = (
			);
			runOnlyForDeploymentPostprocessing = 0;
		};
/* End PBXResourcesBuildPhase section */

/* Begin PBXSourcesBuildPhase section */
		9B9C0B8723CE641700C85BB3 /* Sources */ = {
			isa = PBXSourcesBuildPhase;
			buildActionMask = 2147483647;
			files = (
				9B9C0B9323CE641700C85BB3 /* ViewController.swift in Sources */,
				9B9C0B8F23CE641700C85BB3 /* AppDelegate.swift in Sources */,
				9B9C0B9123CE641700C85BB3 /* SceneDelegate.swift in Sources */,
				9B9C0BC123CE805900C85BB3 /* Places.swift in Sources */,
			);
			runOnlyForDeploymentPostprocessing = 0;
		};
		9B9C0B9D23CE641B00C85BB3 /* Sources */ = {
			isa = PBXSourcesBuildPhase;
			buildActionMask = 2147483647;
			files = (
				9B9C0BA623CE641B00C85BB3 /* Find_My_WayTests.swift in Sources */,
			);
			runOnlyForDeploymentPostprocessing = 0;
		};
		9B9C0BA823CE641B00C85BB3 /* Sources */ = {
			isa = PBXSourcesBuildPhase;
			buildActionMask = 2147483647;
			files = (
				9B9C0BB123CE641B00C85BB3 /* Find_My_WayUITests.swift in Sources */,
			);
			runOnlyForDeploymentPostprocessing = 0;
		};
/* End PBXSourcesBuildPhase section */

/* Begin PBXTargetDependency section */
		9B9C0BA323CE641B00C85BB3 /* PBXTargetDependency */ = {
			isa = PBXTargetDependency;
			target = 9B9C0B8A23CE641700C85BB3 /* Find My Way */;
			targetProxy = 9B9C0BA223CE641B00C85BB3 /* PBXContainerItemProxy */;
		};
		9B9C0BAE23CE641B00C85BB3 /* PBXTargetDependency */ = {
			isa = PBXTargetDependency;
			target = 9B9C0B8A23CE641700C85BB3 /* Find My Way */;
			targetProxy = 9B9C0BAD23CE641B00C85BB3 /* PBXContainerItemProxy */;
		};
/* End PBXTargetDependency section */

/* Begin PBXVariantGroup section */
		9B9C0B9423CE641700C85BB3 /* Main.storyboard */ = {
			isa = PBXVariantGroup;
			children = (
				9B9C0B9523CE641700C85BB3 /* Base */,
			);
			name = Main.storyboard;
			sourceTree = "<group>";
		};
		9B9C0B9923CE641A00C85BB3 /* LaunchScreen.storyboard */ = {
			isa = PBXVariantGroup;
			children = (
				9B9C0B9A23CE641A00C85BB3 /* Base */,
			);
			name = LaunchScreen.storyboard;
			sourceTree = "<group>";
		};
/* End PBXVariantGroup section */

/* Begin XCBuildConfiguration section */
		9B9C0BB323CE641B00C85BB3 /* Debug */ = {
			isa = XCBuildConfiguration;
			buildSettings = {
				ALWAYS_SEARCH_USER_PATHS = NO;
				CLANG_ANALYZER_NONNULL = YES;
				CLANG_ANALYZER_NUMBER_OBJECT_CONVERSION = YES_AGGRESSIVE;
				CLANG_CXX_LANGUAGE_STANDARD = "gnu++14";
				CLANG_CXX_LIBRARY = "libc++";
				CLANG_ENABLE_MODULES = YES;
				CLANG_ENABLE_OBJC_ARC = YES;
				CLANG_ENABLE_OBJC_WEAK = YES;
				CLANG_WARN_BLOCK_CAPTURE_AUTORELEASING = YES;
				CLANG_WARN_BOOL_CONVERSION = YES;
				CLANG_WARN_COMMA = YES;
				CLANG_WARN_CONSTANT_CONVERSION = YES;
				CLANG_WARN_DEPRECATED_OBJC_IMPLEMENTATIONS = YES;
				CLANG_WARN_DIRECT_OBJC_ISA_USAGE = YES_ERROR;
				CLANG_WARN_DOCUMENTATION_COMMENTS = YES;
				CLANG_WARN_EMPTY_BODY = YES;
				CLANG_WARN_ENUM_CONVERSION = YES;
				CLANG_WARN_INFINITE_RECURSION = YES;
				CLANG_WARN_INT_CONVERSION = YES;
				CLANG_WARN_NON_LITERAL_NULL_CONVERSION = YES;
				CLANG_WARN_OBJC_IMPLICIT_RETAIN_SELF = YES;
				CLANG_WARN_OBJC_LITERAL_CONVERSION = YES;
				CLANG_WARN_OBJC_ROOT_CLASS = YES_ERROR;
				CLANG_WARN_RANGE_LOOP_ANALYSIS = YES;
				CLANG_WARN_STRICT_PROTOTYPES = YES;
				CLANG_WARN_SUSPICIOUS_MOVE = YES;
				CLANG_WARN_UNGUARDED_AVAILABILITY = YES_AGGRESSIVE;
				CLANG_WARN_UNREACHABLE_CODE = YES;
				CLANG_WARN__DUPLICATE_METHOD_MATCH = YES;
				COPY_PHASE_STRIP = NO;
				DEBUG_INFORMATION_FORMAT = dwarf;
				ENABLE_STRICT_OBJC_MSGSEND = YES;
				ENABLE_TESTABILITY = YES;
				GCC_C_LANGUAGE_STANDARD = gnu11;
				GCC_DYNAMIC_NO_PIC = NO;
				GCC_NO_COMMON_BLOCKS = YES;
				GCC_OPTIMIZATION_LEVEL = 0;
				GCC_PREPROCESSOR_DEFINITIONS = (
					"DEBUG=1",
					"$(inherited)",
				);
				GCC_WARN_64_TO_32_BIT_CONVERSION = YES;
				GCC_WARN_ABOUT_RETURN_TYPE = YES_ERROR;
				GCC_WARN_UNDECLARED_SELECTOR = YES;
				GCC_WARN_UNINITIALIZED_AUTOS = YES_AGGRESSIVE;
				GCC_WARN_UNUSED_FUNCTION = YES;
				GCC_WARN_UNUSED_VARIABLE = YES;
				IPHONEOS_DEPLOYMENT_TARGET = 13.2;
				MTL_ENABLE_DEBUG_INFO = INCLUDE_SOURCE;
				MTL_FAST_MATH = YES;
				ONLY_ACTIVE_ARCH = YES;
				SDKROOT = iphoneos;
				SWIFT_ACTIVE_COMPILATION_CONDITIONS = DEBUG;
				SWIFT_OPTIMIZATION_LEVEL = "-Onone";
			};
			name = Debug;
		};
		9B9C0BB423CE641B00C85BB3 /* Release */ = {
			isa = XCBuildConfiguration;
			buildSettings = {
				ALWAYS_SEARCH_USER_PATHS = NO;
				CLANG_ANALYZER_NONNULL = YES;
				CLANG_ANALYZER_NUMBER_OBJECT_CONVERSION = YES_AGGRESSIVE;
				CLANG_CXX_LANGUAGE_STANDARD = "gnu++14";
				CLANG_CXX_LIBRARY = "libc++";
				CLANG_ENABLE_MODULES = YES;
				CLANG_ENABLE_OBJC_ARC = YES;
				CLANG_ENABLE_OBJC_WEAK = YES;
				CLANG_WARN_BLOCK_CAPTURE_AUTORELEASING = YES;
				CLANG_WARN_BOOL_CONVERSION = YES;
				CLANG_WARN_COMMA = YES;
				CLANG_WARN_CONSTANT_CONVERSION = YES;
				CLANG_WARN_DEPRECATED_OBJC_IMPLEMENTATIONS = YES;
				CLANG_WARN_DIRECT_OBJC_ISA_USAGE = YES_ERROR;
				CLANG_WARN_DOCUMENTATION_COMMENTS = YES;
				CLANG_WARN_EMPTY_BODY = YES;
				CLANG_WARN_ENUM_CONVERSION = YES;
				CLANG_WARN_INFINITE_RECURSION = YES;
				CLANG_WARN_INT_CONVERSION = YES;
				CLANG_WARN_NON_LITERAL_NULL_CONVERSION = YES;
				CLANG_WARN_OBJC_IMPLICIT_RETAIN_SELF = YES;
				CLANG_WARN_OBJC_LITERAL_CONVERSION = YES;
				CLANG_WARN_OBJC_ROOT_CLASS = YES_ERROR;
				CLANG_WARN_RANGE_LOOP_ANALYSIS = YES;
				CLANG_WARN_STRICT_PROTOTYPES = YES;
				CLANG_WARN_SUSPICIOUS_MOVE = YES;
				CLANG_WARN_UNGUARDED_AVAILABILITY = YES_AGGRESSIVE;
				CLANG_WARN_UNREACHABLE_CODE = YES;
				CLANG_WARN__DUPLICATE_METHOD_MATCH = YES;
				COPY_PHASE_STRIP = NO;
				DEBUG_INFORMATION_FORMAT = "dwarf-with-dsym";
				ENABLE_NS_ASSERTIONS = NO;
				ENABLE_STRICT_OBJC_MSGSEND = YES;
				GCC_C_LANGUAGE_STANDARD = gnu11;
				GCC_NO_COMMON_BLOCKS = YES;
				GCC_WARN_64_TO_32_BIT_CONVERSION = YES;
				GCC_WARN_ABOUT_RETURN_TYPE = YES_ERROR;
				GCC_WARN_UNDECLARED_SELECTOR = YES;
				GCC_WARN_UNINITIALIZED_AUTOS = YES_AGGRESSIVE;
				GCC_WARN_UNUSED_FUNCTION = YES;
				GCC_WARN_UNUSED_VARIABLE = YES;
				IPHONEOS_DEPLOYMENT_TARGET = 13.2;
				MTL_ENABLE_DEBUG_INFO = NO;
				MTL_FAST_MATH = YES;
				SDKROOT = iphoneos;
				SWIFT_COMPILATION_MODE = wholemodule;
				SWIFT_OPTIMIZATION_LEVEL = "-O";
				VALIDATE_PRODUCT = YES;
			};
			name = Release;
		};
		9B9C0BB623CE641B00C85BB3 /* Debug */ = {
			isa = XCBuildConfiguration;
			buildSettings = {
				ASSETCATALOG_COMPILER_APPICON_NAME = AppIcon;
				CODE_SIGN_STYLE = Automatic;
				INFOPLIST_FILE = "Find My Way/Info.plist";
				LD_RUNPATH_SEARCH_PATHS = (
					"$(inherited)",
					"@executable_path/Frameworks",
				);
				PRODUCT_BUNDLE_IDENTIFIER = "CestarCollege.Find-My-Way";
				PRODUCT_NAME = "$(TARGET_NAME)";
				SWIFT_VERSION = 5.0;
				TARGETED_DEVICE_FAMILY = "1,2";
			};
			name = Debug;
		};
		9B9C0BB723CE641B00C85BB3 /* Release */ = {
			isa = XCBuildConfiguration;
			buildSettings = {
				ASSETCATALOG_COMPILER_APPICON_NAME = AppIcon;
				CODE_SIGN_STYLE = Automatic;
				INFOPLIST_FILE = "Find My Way/Info.plist";
				LD_RUNPATH_SEARCH_PATHS = (
					"$(inherited)",
					"@executable_path/Frameworks",
				);
				PRODUCT_BUNDLE_IDENTIFIER = "CestarCollege.Find-My-Way";
				PRODUCT_NAME = "$(TARGET_NAME)";
				SWIFT_VERSION = 5.0;
				TARGETED_DEVICE_FAMILY = "1,2";
			};
			name = Release;
		};
		9B9C0BB923CE641B00C85BB3 /* Debug */ = {
			isa = XCBuildConfiguration;
			buildSettings = {
				ALWAYS_EMBED_SWIFT_STANDARD_LIBRARIES = YES;
				BUNDLE_LOADER = "$(TEST_HOST)";
				CODE_SIGN_STYLE = Automatic;
				INFOPLIST_FILE = "Find My WayTests/Info.plist";
				IPHONEOS_DEPLOYMENT_TARGET = 13.2;
				LD_RUNPATH_SEARCH_PATHS = (
					"$(inherited)",
					"@executable_path/Frameworks",
					"@loader_path/Frameworks",
				);
				PRODUCT_BUNDLE_IDENTIFIER = "CestarCollege.Find-My-WayTests";
				PRODUCT_NAME = "$(TARGET_NAME)";
				SWIFT_VERSION = 5.0;
				TARGETED_DEVICE_FAMILY = "1,2";
				TEST_HOST = "$(BUILT_PRODUCTS_DIR)/Find My Way.app/Find My Way";
			};
			name = Debug;
		};
		9B9C0BBA23CE641B00C85BB3 /* Release */ = {
			isa = XCBuildConfiguration;
			buildSettings = {
				ALWAYS_EMBED_SWIFT_STANDARD_LIBRARIES = YES;
				BUNDLE_LOADER = "$(TEST_HOST)";
				CODE_SIGN_STYLE = Automatic;
				INFOPLIST_FILE = "Find My WayTests/Info.plist";
				IPHONEOS_DEPLOYMENT_TARGET = 13.2;
				LD_RUNPATH_SEARCH_PATHS = (
					"$(inherited)",
					"@executable_path/Frameworks",
					"@loader_path/Frameworks",
				);
				PRODUCT_BUNDLE_IDENTIFIER = "CestarCollege.Find-My-WayTests";
				PRODUCT_NAME = "$(TARGET_NAME)";
				SWIFT_VERSION = 5.0;
				TARGETED_DEVICE_FAMILY = "1,2";
				TEST_HOST = "$(BUILT_PRODUCTS_DIR)/Find My Way.app/Find My Way";
			};
			name = Release;
		};
		9B9C0BBC23CE641B00C85BB3 /* Debug */ = {
			isa = XCBuildConfiguration;
			buildSettings = {
				ALWAYS_EMBED_SWIFT_STANDARD_LIBRARIES = YES;
				CODE_SIGN_STYLE = Automatic;
				INFOPLIST_FILE = "Find My WayUITests/Info.plist";
				LD_RUNPATH_SEARCH_PATHS = (
					"$(inherited)",
					"@executable_path/Frameworks",
					"@loader_path/Frameworks",
				);
				PRODUCT_BUNDLE_IDENTIFIER = "CestarCollege.Find-My-WayUITests";
				PRODUCT_NAME = "$(TARGET_NAME)";
				SWIFT_VERSION = 5.0;
				TARGETED_DEVICE_FAMILY = "1,2";
				TEST_TARGET_NAME = "Find My Way";
			};
			name = Debug;
		};
		9B9C0BBD23CE641B00C85BB3 /* Release */ = {
			isa = XCBuildConfiguration;
			buildSettings = {
				ALWAYS_EMBED_SWIFT_STANDARD_LIBRARIES = YES;
				CODE_SIGN_STYLE = Automatic;
				INFOPLIST_FILE = "Find My WayUITests/Info.plist";
				LD_RUNPATH_SEARCH_PATHS = (
					"$(inherited)",
					"@executable_path/Frameworks",
					"@loader_path/Frameworks",
				);
				PRODUCT_BUNDLE_IDENTIFIER = "CestarCollege.Find-My-WayUITests";
				PRODUCT_NAME = "$(TARGET_NAME)";
				SWIFT_VERSION = 5.0;
				TARGETED_DEVICE_FAMILY = "1,2";
				TEST_TARGET_NAME = "Find My Way";
			};
			name = Release;
		};
/* End XCBuildConfiguration section */

/* Begin XCConfigurationList section */
		9B9C0B8623CE641700C85BB3 /* Build configuration list for PBXProject "Find My Way" */ = {
			isa = XCConfigurationList;
			buildConfigurations = (
				9B9C0BB323CE641B00C85BB3 /* Debug */,
				9B9C0BB423CE641B00C85BB3 /* Release */,
			);
			defaultConfigurationIsVisible = 0;
			defaultConfigurationName = Release;
		};
		9B9C0BB523CE641B00C85BB3 /* Build configuration list for PBXNativeTarget "Find My Way" */ = {
			isa = XCConfigurationList;
			buildConfigurations = (
				9B9C0BB623CE641B00C85BB3 /* Debug */,
				9B9C0BB723CE641B00C85BB3 /* Release */,
			);
			defaultConfigurationIsVisible = 0;
			defaultConfigurationName = Release;
		};
		9B9C0BB823CE641B00C85BB3 /* Build configuration list for PBXNativeTarget "Find My WayTests" */ = {
			isa = XCConfigurationList;
			buildConfigurations = (
				9B9C0BB923CE641B00C85BB3 /* Debug */,
				9B9C0BBA23CE641B00C85BB3 /* Release */,
			);
			defaultConfigurationIsVisible = 0;
			defaultConfigurationName = Release;
		};
		9B9C0BBB23CE641B00C85BB3 /* Build configuration list for PBXNativeTarget "Find My WayUITests" */ = {
			isa = XCConfigurationList;
			buildConfigurations = (
				9B9C0BBC23CE641B00C85BB3 /* Debug */,
				9B9C0BBD23CE641B00C85BB3 /* Release */,
			);
			defaultConfigurationIsVisible = 0;
			defaultConfigurationName = Release;
		};
/* End XCConfigurationList section */
	};
	rootObject = 9B9C0B8323CE641700C85BB3 /* Project object */;
}
